{
  "name": "GreenTechSee2024",
  "lockfileVersion": 3,
  "requires": true,
  "packages": {
    "": {
      "dependencies": {
        "web-ifc": "^0.0.51"
      }
    },
    "node_modules/web-ifc": {
      "version": "0.0.51",
      "resolved": "https://registry.npmjs.org/web-ifc/-/web-ifc-0.0.51.tgz",
      "integrity": "sha512-eh1+4viQz+ICHsp7Ukq8ru71O9FWO+ejiU9r5lhxKGVIDdDtt7YegdR4RHAhxpZhHCXo6tDNvqgxyWUeCcwZ2Q=="
    }
  }
}
